
Microsoft Visual Studio Solution File, Format Version 12.00
# Visual Studio 2015
Project("{FAE04EC0-301F-11D3-BF4B-00C04F79EFBC}") = "SLAM_1.CSharp", "SLAM_1.CSharp.csproj", "{1BD87BDA-54E6-53A1-31B7-DCA958BEBA65}"
EndProject
Global
	GlobalSection(SolutionConfigurationPlatforms) = preSolution
		Debug|Any CPU = Debug|Any CPU
		Release|Any CPU = Release|Any CPU
	EndGlobalSection
	GlobalSection(ProjectConfigurationPlatforms) = postSolution
		{1BD87BDA-54E6-53A1-31B7-DCA958BEBA65}.Debug|Any CPU.ActiveCfg = Debug|Any CPU
		{1BD87BDA-54E6-53A1-31B7-DCA958BEBA65}.Debug|Any CPU.Build.0 = Debug|Any CPU
		{1BD87BDA-54E6-53A1-31B7-DCA958BEBA65}.Release|Any CPU.ActiveCfg = Release|Any CPU
		{1BD87BDA-54E6-53A1-31B7-DCA958BEBA65}.Release|Any CPU.Build.0 = Release|Any CPU
	EndGlobalSection
	GlobalSection(SolutionProperties) = preSolution
		HideSolutionNode = FALSE
	EndGlobalSection
EndGlobal
